
Microsoft Visual Studio Solution File, Format Version 12.00
# Visual Studio Version 17
VisualStudioVersion = 17.4.33110.190
MinimumVisualStudioVersion = 10.0.40219.1
Project("{8BC9CEB8-8B4A-11D0-8D11-00A0C91BC942}") = "Ch02", "Ch02\Ch02.vcxproj", "{F8F5D267-C836-4109-8E75-61CBDB178D22}"
EndProject
Project("{8BC9CEB8-8B4A-11D0-8D11-00A0C91BC942}") = "Ch03", "Ch03\Ch03.vcxproj", "{92335E26-CCA1-437E-80BA-F9FE62D84B2F}"
EndProject
Project("{8BC9CEB8-8B4A-11D0-8D11-00A0C91BC942}") = "ch04", "ch04\ch04.vcxproj", "{AE0F319B-902D-4931-99C9-48249A0388B6}"
EndProject
Project("{8BC9CEB8-8B4A-11D0-8D11-00A0C91BC942}") = "ch05", "ch05\ch05.vcxproj", "{857D0EF8-6529-4FBB-AFD3-813D2BB94940}"
EndProject
Project("{8BC9CEB8-8B4A-11D0-8D11-00A0C91BC942}") = "ch06", "ch06\ch06.vcxproj", "{2C2A5FBF-02D2-4FF7-8F5E-6F4D3DCBF51C}"
EndProject
Project("{8BC9CEB8-8B4A-11D0-8D11-00A0C91BC942}") = "ch07", "ch07\ch07.vcxproj", "{18130ECF-0CC5-438B-8286-59431AB901A5}"
EndProject
Project("{8BC9CEB8-8B4A-11D0-8D11-00A0C91BC942}") = "ch08", "ch08\ch08.vcxproj", "{F23B5116-CAF5-4A8D-B635-DE21084BDCE5}"
EndProject
Project("{8BC9CEB8-8B4A-11D0-8D11-00A0C91BC942}") = "ch09", "ch09\ch09.vcxproj", "{BA1E861D-D320-455E-A70C-C92E739E5E3B}"
EndProject
Project("{8BC9CEB8-8B4A-11D0-8D11-00A0C91BC942}") = "ch10", "ch10\ch10.vcxproj", "{4612C3F1-A9B7-4005-A65A-1274E4D283D9}"
EndProject
Global
	GlobalSection(SolutionConfigurationPlatforms) = preSolution
		Debug|x64 = Debug|x64
		Debug|x86 = Debug|x86
		Release|x64 = Release|x64
		Release|x86 = Release|x86
	EndGlobalSection
	GlobalSection(ProjectConfigurationPlatforms) = postSolution
		{F8F5D267-C836-4109-8E75-61CBDB178D22}.Debug|x64.ActiveCfg = Debug|x64
		{F8F5D267-C836-4109-8E75-61CBDB178D22}.Debug|x64.Build.0 = Debug|x64
		{F8F5D267-C836-4109-8E75-61CBDB178D22}.Debug|x86.ActiveCfg = Debug|Win32
		{F8F5D267-C836-4109-8E75-61CBDB178D22}.Debug|x86.Build.0 = Debug|Win32
		{F8F5D267-C836-4109-8E75-61CBDB178D22}.Release|x64.ActiveCfg = Release|x64
		{F8F5D267-C836-4109-8E75-61CBDB178D22}.Release|x64.Build.0 = Release|x64
		{F8F5D267-C836-4109-8E75-61CBDB178D22}.Release|x86.ActiveCfg = Release|Win32
		{F8F5D267-C836-4109-8E75-61CBDB178D22}.Release|x86.Build.0 = Release|Win32
		{92335E26-CCA1-437E-80BA-F9FE62D84B2F}.Debug|x64.ActiveCfg = Debug|x64
		{92335E26-CCA1-437E-80BA-F9FE62D84B2F}.Debug|x64.Build.0 = Debug|x64
		{92335E26-CCA1-437E-80BA-F9FE62D84B2F}.Debug|x86.ActiveCfg = Debug|Win32
		{92335E26-CCA1-437E-80BA-F9FE62D84B2F}.Debug|x86.Build.0 = Debug|Win32
		{92335E26-CCA1-437E-80BA-F9FE62D84B2F}.Release|x64.ActiveCfg = Release|x64
		{92335E26-CCA1-437E-80BA-F9FE62D84B2F}.Release|x64.Build.0 = Release|x64
		{92335E26-CCA1-437E-80BA-F9FE62D84B2F}.Release|x86.ActiveCfg = Release|Win32
		{92335E26-CCA1-437E-80BA-F9FE62D84B2F}.Release|x86.Build.0 = Release|Win32
		{AE0F319B-902D-4931-99C9-48249A0388B6}.Debug|x64.ActiveCfg = Debug|x64
		{AE0F319B-902D-4931-99C9-48249A0388B6}.Debug|x64.Build.0 = Debug|x64
		{AE0F319B-902D-4931-99C9-48249A0388B6}.Debug|x86.ActiveCfg = Debug|Win32
		{AE0F319B-902D-4931-99C9-48249A0388B6}.Debug|x86.Build.0 = Debug|Win32
		{AE0F319B-902D-4931-99C9-48249A0388B6}.Release|x64.ActiveCfg = Release|x64
		{AE0F319B-902D-4931-99C9-48249A0388B6}.Release|x64.Build.0 = Release|x64
		{AE0F319B-902D-4931-99C9-48249A0388B6}.Release|x86.ActiveCfg = Release|Win32
		{AE0F319B-902D-4931-99C9-48249A0388B6}.Release|x86.Build.0 = Release|Win32
		{857D0EF8-6529-4FBB-AFD3-813D2BB94940}.Debug|x64.ActiveCfg = Debug|x64
		{857D0EF8-6529-4FBB-AFD3-813D2BB94940}.Debug|x64.Build.0 = Debug|x64
		{857D0EF8-6529-4FBB-AFD3-813D2BB94940}.Debug|x86.ActiveCfg = Debug|Win32
		{857D0EF8-6529-4FBB-AFD3-813D2BB94940}.Debug|x86.Build.0 = Debug|Win32
		{857D0EF8-6529-4FBB-AFD3-813D2BB94940}.Release|x64.ActiveCfg = Release|x64
		{857D0EF8-6529-4FBB-AFD3-813D2BB94940}.Release|x64.Build.0 = Release|x64
		{857D0EF8-6529-4FBB-AFD3-813D2BB94940}.Release|x86.ActiveCfg = Release|Win32
		{857D0EF8-6529-4FBB-AFD3-813D2BB94940}.Release|x86.Build.0 = Release|Win32
		{2C2A5FBF-02D2-4FF7-8F5E-6F4D3DCBF51C}.Debug|x64.ActiveCfg = Debug|x64
		{2C2A5FBF-02D2-4FF7-8F5E-6F4D3DCBF51C}.Debug|x64.Build.0 = Debug|x64
		{2C2A5FBF-02D2-4FF7-8F5E-6F4D3DCBF51C}.Debug|x86.ActiveCfg = Debug|Win32
		{2C2A5FBF-02D2-4FF7-8F5E-6F4D3DCBF51C}.Debug|x86.Build.0 = Debug|Win32
		{2C2A5FBF-02D2-4FF7-8F5E-6F4D3DCBF51C}.Release|x64.ActiveCfg = Release|x64
		{2C2A5FBF-02D2-4FF7-8F5E-6F4D3DCBF51C}.Release|x64.Build.0 = Release|x64
		{2C2A5FBF-02D2-4FF7-8F5E-6F4D3DCBF51C}.Release|x86.ActiveCfg = Release|Win32
		{2C2A5FBF-02D2-4FF7-8F5E-6F4D3DCBF51C}.Release|x86.Build.0 = Release|Win32
		{18130ECF-0CC5-438B-8286-59431AB901A5}.Debug|x64.ActiveCfg = Debug|x64
		{18130ECF-0CC5-438B-8286-59431AB901A5}.Debug|x64.Build.0 = Debug|x64
		{18130ECF-0CC5-438B-8286-59431AB901A5}.Debug|x86.ActiveCfg = Debug|Win32
		{18130ECF-0CC5-438B-8286-59431AB901A5}.Debug|x86.Build.0 = Debug|Win32
		{18130ECF-0CC5-438B-8286-59431AB901A5}.Release|x64.ActiveCfg = Release|x64
		{18130ECF-0CC5-438B-8286-59431AB901A5}.Release|x64.Build.0 = Release|x64
		{18130ECF-0CC5-438B-8286-59431AB901A5}.Release|x86.ActiveCfg = Release|Win32
		{18130ECF-0CC5-438B-8286-59431AB901A5}.Release|x86.Build.0 = Release|Win32
		{F23B5116-CAF5-4A8D-B635-DE21084BDCE5}.Debug|x64.ActiveCfg = Debug|x64
		{F23B5116-CAF5-4A8D-B635-DE21084BDCE5}.Debug|x64.Build.0 = Debug|x64
		{F23B5116-CAF5-4A8D-B635-DE21084BDCE5}.Debug|x86.ActiveCfg = Debug|Win32
		{F23B5116-CAF5-4A8D-B635-DE21084BDCE5}.Debug|x86.Build.0 = Debug|Win32
		{F23B5116-CAF5-4A8D-B635-DE21084BDCE5}.Release|x64.ActiveCfg = Release|x64
		{F23B5116-CAF5-4A8D-B635-DE21084BDCE5}.Release|x64.Build.0 = Release|x64
		{F23B5116-CAF5-4A8D-B635-DE21084BDCE5}.Release|x86.ActiveCfg = Release|Win32
		{F23B5116-CAF5-4A8D-B635-DE21084BDCE5}.Release|x86.Build.0 = Release|Win32
		{BA1E861D-D320-455E-A70C-C92E739E5E3B}.Debug|x64.ActiveCfg = Debug|x64
		{BA1E861D-D320-455E-A70C-C92E739E5E3B}.Debug|x64.Build.0 = Debug|x64
		{BA1E861D-D320-455E-A70C-C92E739E5E3B}.Debug|x86.ActiveCfg = Debug|Win32
		{BA1E861D-D320-455E-A70C-C92E739E5E3B}.Debug|x86.Build.0 = Debug|Win32
		{BA1E861D-D320-455E-A70C-C92E739E5E3B}.Release|x64.ActiveCfg = Release|x64
		{BA1E861D-D320-455E-A70C-C92E739E5E3B}.Release|x64.Build.0 = Release|x64
		{BA1E861D-D320-455E-A70C-C92E739E5E3B}.Release|x86.ActiveCfg = Release|Win32
		{BA1E861D-D320-455E-A70C-C92E739E5E3B}.Release|x86.Build.0 = Release|Win32
		{4612C3F1-A9B7-4005-A65A-1274E4D283D9}.Debug|x64.ActiveCfg = Debug|x64
		{4612C3F1-A9B7-4005-A65A-1274E4D283D9}.Debug|x64.Build.0 = Debug|x64
		{4612C3F1-A9B7-4005-A65A-1274E4D283D9}.Debug|x86.ActiveCfg = Debug|Win32
		{4612C3F1-A9B7-4005-A65A-1274E4D283D9}.Debug|x86.Build.0 = Debug|Win32
		{4612C3F1-A9B7-4005-A65A-1274E4D283D9}.Release|x64.ActiveCfg = Release|x64
		{4612C3F1-A9B7-4005-A65A-1274E4D283D9}.Release|x64.Build.0 = Release|x64
		{4612C3F1-A9B7-4005-A65A-1274E4D283D9}.Release|x86.ActiveCfg = Release|Win32
		{4612C3F1-A9B7-4005-A65A-1274E4D283D9}.Release|x86.Build.0 = Release|Win32
	EndGlobalSection
	GlobalSection(SolutionProperties) = preSolution
		HideSolutionNode = FALSE
	EndGlobalSection
	GlobalSection(ExtensibilityGlobals) = postSolution
		SolutionGuid = {2DA9F456-2671-4CBC-8931-C420A795BEB7}
	EndGlobalSection
EndGlobal
